
Microsoft Visual Studio Solution File, Format Version 12.00
# Visual Studio 15
VisualStudioVersion = 15.0.28307.852
MinimumVisualStudioVersion = 10.0.40219.1
Project("{FAE04EC0-301F-11D3-BF4B-00C04F79EFBC}") = "Excel goes Access", "Excel goes Access\Excel goes Access.csproj", "{2A328C6F-AB8F-4F6E-AAC5-3CFD5EAAC2B5}"
EndProject
Global
	GlobalSection(SolutionConfigurationPlatforms) = preSolution
		Debug|Any CPU = Debug|Any CPU
		Release|Any CPU = Release|Any CPU
	EndGlobalSection
	GlobalSection(ProjectConfigurationPlatforms) = postSolution
		{2A328C6F-AB8F-4F6E-AAC5-3CFD5EAAC2B5}.Debug|Any CPU.ActiveCfg = Debug|Any CPU
		{2A328C6F-AB8F-4F6E-AAC5-3CFD5EAAC2B5}.Debug|Any CPU.Build.0 = Debug|Any CPU
		{2A328C6F-AB8F-4F6E-AAC5-3CFD5EAAC2B5}.Release|Any CPU.ActiveCfg = Release|Any CPU
		{2A328C6F-AB8F-4F6E-AAC5-3CFD5EAAC2B5}.Release|Any CPU.Build.0 = Release|Any CPU
	EndGlobalSection
	GlobalSection(SolutionProperties) = preSolution
		HideSolutionNode = FALSE
	EndGlobalSection
	GlobalSection(ExtensibilityGlobals) = postSolution
		SolutionGuid = {5E35D9A0-57D6-4D11-886B-469A06E03B59}
	EndGlobalSection
EndGlobal
